
Microsoft Visual Studio Solution File, Format Version 11.0
# Visual Studio 2010
Project("{FAE04EC0-301F-11D3-BF4B-00C04F79EFBC}") = "UnityVS.manual_client.CSharp", "UnityVS.manual_client.CSharp.csproj", "{01FF5DC1-CCEB-AB3D-2D8F-02857D87EEC8}"
EndProject
Project("{FAE04EC0-301F-11D3-BF4B-00C04F79EFBC}") = "UnityVS.manual_client.CSharp.Editor", "UnityVS.manual_client.CSharp.Editor.csproj", "{C368D8BF-5EA1-0EE1-B8D8-9F27BD051F0E}"
EndProject
Global
	GlobalSection(SolutionConfigurationPlatforms) = preSolution
		Debug|Any CPU = Debug|Any CPU
		Release|Any CPU = Release|Any CPU
	EndGlobalSection
	GlobalSection(ProjectConfigurationPlatforms) = postSolution
		{01FF5DC1-CCEB-AB3D-2D8F-02857D87EEC8}.Debug|Any CPU.ActiveCfg = Debug|Any CPU
		{01FF5DC1-CCEB-AB3D-2D8F-02857D87EEC8}.Debug|Any CPU.Build.0 = Debug|Any CPU
		{01FF5DC1-CCEB-AB3D-2D8F-02857D87EEC8}.Release|Any CPU.ActiveCfg = Release|Any CPU
		{01FF5DC1-CCEB-AB3D-2D8F-02857D87EEC8}.Release|Any CPU.Build.0 = Release|Any CPU
		{C368D8BF-5EA1-0EE1-B8D8-9F27BD051F0E}.Debug|Any CPU.ActiveCfg = Debug|Any CPU
		{C368D8BF-5EA1-0EE1-B8D8-9F27BD051F0E}.Debug|Any CPU.Build.0 = Debug|Any CPU
		{C368D8BF-5EA1-0EE1-B8D8-9F27BD051F0E}.Release|Any CPU.ActiveCfg = Release|Any CPU
		{C368D8BF-5EA1-0EE1-B8D8-9F27BD051F0E}.Release|Any CPU.Build.0 = Release|Any CPU
	EndGlobalSection
	GlobalSection(SolutionProperties) = preSolution
		HideSolutionNode = FALSE
	EndGlobalSection
EndGlobal
